{
    "version": 3,
    "terraform_version": "0.11.8",
    "serial": 47,
    "lineage": "5f0085c2-a38b-3a6c-15fe-6f431e72a52a",
    "modules": [
        {
            "path": [
                "root"
            ],
            "outputs": {
                "bucket id": {
                    "sensitive": false,
                    "type": "string",
                    "value": "eximchain105-20180926053603233200000002"
                },
                "kms id": {
                    "sensitive": false,
                    "type": "string",
                    "value": "0d60ed17-01c2-4321-9992-96207b6b82a5"
                }
            },
            "resources": {
                "aws_autoscaling_group.exc105": {
                    "type": "aws_autoscaling_group",
                    "depends_on": [
                        "aws_iam_role.iam_for_lambda105",
                        "aws_iam_role_policy_attachment.lambda_ec2",
                        "aws_iam_role_policy_attachment.lambda_logging105",
                        "aws_iam_role_policy_attachment.lambda_ses",
                        "aws_iam_role_policy_attachment.lambda_sns105",
                        "aws_launch_template.eximchain105",
                        "aws_s3_bucket.b",
                        "aws_s3_bucket_object.ssh_key",
                        "aws_sns_topic.topic105",
                        "aws_vpc.notify-vpc"
                    ],
                    "primary": {
                        "id": "tf-asg-2018092605362028090000000b",
                        "attributes": {
                            "arn": "arn:aws:autoscaling:us-east-1:037794263736:autoScalingGroup:4a0728b2-5fd4-4e2f-9acd-2416fde73f07:autoScalingGroupName/tf-asg-2018092605362028090000000b",
                            "availability_zones.#": "1",
                            "availability_zones.3569565595": "us-east-1a",
                            "default_cooldown": "300",
                            "desired_capacity": "1",
                            "enabled_metrics.#": "0",
                            "force_delete": "false",
                            "health_check_grace_period": "400",
                            "health_check_type": "EC2",
                            "id": "tf-asg-2018092605362028090000000b",
                            "initial_lifecycle_hook.#": "1",
                            "initial_lifecycle_hook.2789035173.default_result": "CONTINUE",
                            "initial_lifecycle_hook.2789035173.heartbeat_timeout": "2000",
                            "initial_lifecycle_hook.2789035173.lifecycle_transition": "autoscaling:EC2_INSTANCE_LAUNCHING",
                            "initial_lifecycle_hook.2789035173.name": "eximchainlch102",
                            "initial_lifecycle_hook.2789035173.notification_metadata": "{\n  \"bucket-name\": \"eximchain105-20180926053603233200000002\",\n  \"bucket-key\": \"enc-ssh\",\n  \"ssh_username\": \"ubuntu\",\n  \"upgrade_cmd\": \"upgrade.sh\",\n  \"upgrade_location\": \"/home/ubuntu\",\n  \"security-group\": \"somename\",\n  \"vpc\": \"vpc-0dacfc5ca1ca542b1\",\n  \"upgrade.zip\": \"upgrade.zip\"\n}\n",
                            "initial_lifecycle_hook.2789035173.notification_target_arn": "arn:aws:sns:us-east-1:037794263736:topic105",
                            "initial_lifecycle_hook.2789035173.role_arn": "arn:aws:iam::037794263736:role/iam_for_lambda",
                            "launch_configuration": "",
                            "launch_template.#": "1",
                            "launch_template.0.id": "lt-025c3106f9e344802",
                            "launch_template.0.name": "eximchain105-20180926053608843200000008",
                            "launch_template.0.version": "$Latest",
                            "load_balancers.#": "0",
                            "max_size": "4",
                            "metrics_granularity": "1Minute",
                            "min_size": "1",
                            "name": "tf-asg-2018092605362028090000000b",
                            "placement_group": "",
                            "protect_from_scale_in": "false",
                            "service_linked_role_arn": "arn:aws:iam::037794263736:role/aws-service-role/autoscaling.amazonaws.com/AWSServiceRoleForAutoScaling",
                            "suspended_processes.#": "0",
                            "tag.#": "0",
                            "target_group_arns.#": "0",
                            "termination_policies.#": "0",
                            "vpc_zone_identifier.#": "0",
                            "wait_for_capacity_timeout": "11m"
                        },
                        "meta": {
                            "e2bfb730-ecaa-11e6-8f88-34363bc7c4c0": {
                                "delete": 600000000000
                            }
                        },
                        "tainted": false
                    },
                    "deposed": [],
                    "provider": "provider.aws"
                },
                "aws_iam_policy.lamba_s3-105": {
                    "type": "aws_iam_policy",
                    "depends_on": [
                        "aws_s3_bucket.b"
                    ],
                    "primary": {
                        "id": "arn:aws:iam::037794263736:policy/lambda_s3-105",
                        "attributes": {
                            "arn": "arn:aws:iam::037794263736:policy/lambda_s3-105",
                            "description": "",
                            "id": "arn:aws:iam::037794263736:policy/lambda_s3-105",
                            "name": "lambda_s3-105",
                            "path": "/",
                            "policy": "{\n  \"Version\": \"2012-10-17\",\n  \"Statement\": [\n    {\n      \"Action\": [\n        \"s3:*\"\n      ],\n      \"Resource\": \"arn:aws:s3:::eximchain105-20180926053603233200000002/*\",\n      \"Effect\": \"Allow\"\n    },\n    {\n      \"Action\": [\n        \"s3:*\"\n      ],\n      \"Resource\": \"arn:aws:s3:::eximchain105-20180926053603233200000002\",\n      \"Effect\": \"Allow\"\n    }\n  ]\n}\n"
                        },
                        "meta": {},
                        "tainted": false
                    },
                    "deposed": [],
                    "provider": "provider.aws"
                },
                "aws_iam_policy.lambda_ec2-105": {
                    "type": "aws_iam_policy",
                    "depends_on": [],
                    "primary": {
                        "id": "arn:aws:iam::037794263736:policy/lambda_access_ec2-105",
                        "attributes": {
                            "arn": "arn:aws:iam::037794263736:policy/lambda_access_ec2-105",
                            "description": "",
                            "id": "arn:aws:iam::037794263736:policy/lambda_access_ec2-105",
                            "name": "lambda_access_ec2-105",
                            "path": "/",
                            "policy": "{\n  \"Version\": \"2012-10-17\",\n  \"Statement\": [\n    {\n      \"Action\": [\n        \"ec2:*\"\n      ],\n      \"Resource\": \"*\",\n      \"Effect\": \"Allow\"\n    }\n  ]\n}\n"
                        },
                        "meta": {},
                        "tainted": false
                    },
                    "deposed": [],
                    "provider": "provider.aws"
                },
                "aws_iam_policy.lambda_logging105": {
                    "type": "aws_iam_policy",
                    "depends_on": [],
                    "primary": {
                        "id": "arn:aws:iam::037794263736:policy/lambda_logging105",
                        "attributes": {
                            "arn": "arn:aws:iam::037794263736:policy/lambda_logging105",
                            "description": "",
                            "id": "arn:aws:iam::037794263736:policy/lambda_logging105",
                            "name": "lambda_logging105",
                            "path": "/",
                            "policy": "{\n  \"Version\": \"2012-10-17\",\n  \"Statement\": [\n    {\n      \"Action\": [\n        \"logs:*\"\n      ],\n      \"Resource\": \"arn:aws:logs:*:*:*\",\n      \"Effect\": \"Allow\"\n    }\n  ]\n}\n"
                        },
                        "meta": {},
                        "tainted": false
                    },
                    "deposed": [],
                    "provider": "provider.aws"
                },
                "aws_iam_policy.lambda_ses105": {
                    "type": "aws_iam_policy",
                    "depends_on": [],
                    "primary": {
                        "id": "arn:aws:iam::037794263736:policy/lambda_ses105",
                        "attributes": {
                            "arn": "arn:aws:iam::037794263736:policy/lambda_ses105",
                            "description": "",
                            "id": "arn:aws:iam::037794263736:policy/lambda_ses105",
                            "name": "lambda_ses105",
                            "path": "/",
                            "policy": "{\n  \"Version\": \"2012-10-17\",\n  \"Statement\": [\n    {\n      \"Action\": [\n        \"ses:*\"\n      ],\n      \"Resource\": \"*\",\n      \"Effect\": \"Allow\"\n    }\n  ]\n}\n"
                        },
                        "meta": {},
                        "tainted": false
                    },
                    "deposed": [],
                    "provider": "provider.aws"
                },
                "aws_iam_policy.lambda_sns105": {
                    "type": "aws_iam_policy",
                    "depends_on": [],
                    "primary": {
                        "id": "arn:aws:iam::037794263736:policy/lambda_sns105",
                        "attributes": {
                            "arn": "arn:aws:iam::037794263736:policy/lambda_sns105",
                            "description": "",
                            "id": "arn:aws:iam::037794263736:policy/lambda_sns105",
                            "name": "lambda_sns105",
                            "path": "/",
                            "policy": "{\n  \"Version\": \"2012-10-17\",\n  \"Statement\": [\n    {\n      \"Action\": [\n        \"sns:*\",\n        \"autoscaling:*\"\n      ],\n      \"Resource\": \"*\",\n      \"Effect\": \"Allow\"\n    }\n  ]\n}\n"
                        },
                        "meta": {},
                        "tainted": false
                    },
                    "deposed": [],
                    "provider": "provider.aws"
                },
                "aws_iam_role.iam_for_lambda105": {
                    "type": "aws_iam_role",
                    "depends_on": [],
                    "primary": {
                        "id": "iam_for_lambda",
                        "attributes": {
                            "arn": "arn:aws:iam::037794263736:role/iam_for_lambda",
                            "assume_role_policy": "{\"Version\":\"2012-10-17\",\"Statement\":[{\"Sid\":\"\",\"Effect\":\"Allow\",\"Principal\":{\"Service\":[\"lambda.amazonaws.com\",\"sns.amazonaws.com\",\"events.amazonaws.com\",\"autoscaling.amazonaws.com\"]},\"Action\":\"sts:AssumeRole\"}]}",
                            "create_date": "2018-09-26T05:36:04Z",
                            "description": "",
                            "force_detach_policies": "false",
                            "id": "iam_for_lambda",
                            "max_session_duration": "3600",
                            "name": "iam_for_lambda",
                            "path": "/",
                            "unique_id": "AROAJOEXWTN5TXU2PWEJS"
                        },
                        "meta": {},
                        "tainted": false
                    },
                    "deposed": [],
                    "provider": "provider.aws"
                },
                "aws_iam_role_policy_attachment.lambda_ec2": {
                    "type": "aws_iam_role_policy_attachment",
                    "depends_on": [
                        "aws_iam_policy.lambda_ec2-105",
                        "aws_iam_role.iam_for_lambda105"
                    ],
                    "primary": {
                        "id": "iam_for_lambda-20180926053606929400000006",
                        "attributes": {
                            "id": "iam_for_lambda-20180926053606929400000006",
                            "policy_arn": "arn:aws:iam::037794263736:policy/lambda_access_ec2-105",
                            "role": "iam_for_lambda"
                        },
                        "meta": {},
                        "tainted": false
                    },
                    "deposed": [],
                    "provider": "provider.aws"
                },
                "aws_iam_role_policy_attachment.lambda_logging105": {
                    "type": "aws_iam_role_policy_attachment",
                    "depends_on": [
                        "aws_iam_policy.lambda_logging105",
                        "aws_iam_role.iam_for_lambda105"
                    ],
                    "primary": {
                        "id": "iam_for_lambda-20180926053606955300000007",
                        "attributes": {
                            "id": "iam_for_lambda-20180926053606955300000007",
                            "policy_arn": "arn:aws:iam::037794263736:policy/lambda_logging105",
                            "role": "iam_for_lambda"
                        },
                        "meta": {},
                        "tainted": false
                    },
                    "deposed": [],
                    "provider": "provider.aws"
                },
                "aws_iam_role_policy_attachment.lambda_s3-105": {
                    "type": "aws_iam_role_policy_attachment",
                    "depends_on": [
                        "aws_iam_policy.lamba_s3-105",
                        "aws_iam_role.iam_for_lambda105"
                    ],
                    "primary": {
                        "id": "iam_for_lambda-2018092605361923680000000a",
                        "attributes": {
                            "id": "iam_for_lambda-2018092605361923680000000a",
                            "policy_arn": "arn:aws:iam::037794263736:policy/lambda_s3-105",
                            "role": "iam_for_lambda"
                        },
                        "meta": {},
                        "tainted": false
                    },
                    "deposed": [],
                    "provider": "provider.aws"
                },
                "aws_iam_role_policy_attachment.lambda_ses": {
                    "type": "aws_iam_role_policy_attachment",
                    "depends_on": [
                        "aws_iam_policy.lambda_ses105",
                        "aws_iam_role.iam_for_lambda105"
                    ],
                    "primary": {
                        "id": "iam_for_lambda-20180926053606766100000005",
                        "attributes": {
                            "id": "iam_for_lambda-20180926053606766100000005",
                            "policy_arn": "arn:aws:iam::037794263736:policy/lambda_ses105",
                            "role": "iam_for_lambda"
                        },
                        "meta": {},
                        "tainted": false
                    },
                    "deposed": [],
                    "provider": "provider.aws"
                },
                "aws_iam_role_policy_attachment.lambda_sns105": {
                    "type": "aws_iam_role_policy_attachment",
                    "depends_on": [
                        "aws_iam_policy.lambda_sns105",
                        "aws_iam_role.iam_for_lambda105"
                    ],
                    "primary": {
                        "id": "iam_for_lambda-20180926053606748800000003",
                        "attributes": {
                            "id": "iam_for_lambda-20180926053606748800000003",
                            "policy_arn": "arn:aws:iam::037794263736:policy/lambda_sns105",
                            "role": "iam_for_lambda"
                        },
                        "meta": {},
                        "tainted": false
                    },
                    "deposed": [],
                    "provider": "provider.aws"
                },
                "aws_iam_role_policy_attachment.sns_access105": {
                    "type": "aws_iam_role_policy_attachment",
                    "depends_on": [
                        "aws_iam_role.iam_for_lambda105"
                    ],
                    "primary": {
                        "id": "iam_for_lambda-20180926053606763200000004",
                        "attributes": {
                            "id": "iam_for_lambda-20180926053606763200000004",
                            "policy_arn": "arn:aws:iam::aws:policy/service-role/AutoScalingNotificationAccessRole",
                            "role": "iam_for_lambda"
                        },
                        "meta": {},
                        "tainted": false
                    },
                    "deposed": [],
                    "provider": "provider.aws"
                },
                "aws_key_pair.public_key105": {
                    "type": "aws_key_pair",
                    "depends_on": [],
                    "primary": {
                        "id": "public_key105",
                        "attributes": {
                            "fingerprint": "c9:50:8e:2e:4d:32:04:89:79:29:33:ad:af:f9:a2:70",
                            "id": "public_key105",
                            "key_name": "public_key105",
                            "public_key": "ssh-rsa AAAAB3NzaC1yc2EAAAADAQABAAABAQCwHweBQxA516LFLT4t5cNAJN7wYxzdGAb3CewjG+Wrx4KMWIS5e5ReGGdrnXVWoM9M9tuLXb/JqzD3/BSyUguMLsJewoKZxJfmj2ZJnKTSMmR+hT4Ob3nryh6jTyCR68//ACCpi1QATfECSfkDDfmRSPEzdwR4BsXAMpGL/telBdsHVIkdoe20nTKJynUSRJb+4cv3eW50D79SBmnxpxA/Sz6KI5e5cNfoRgOO1X4ML47U7jVww1XtcpPTcSyGEflcajwgK+Ec+CaNZVBy6C/wz4J5a9XrPu8uE/bF9XvhGBZ91BTGtNWgoH8FZsn41XCM/cCB96xmAyFQTttOnSy9 chuacw@Chee-Wees-MacBook-Pro.local"
                        },
                        "meta": {
                            "schema_version": "1"
                        },
                        "tainted": false
                    },
                    "deposed": [],
                    "provider": "provider.aws"
                },
                "aws_kms_grant.a": {
                    "type": "aws_kms_grant",
                    "depends_on": [
                        "aws_iam_role.iam_for_lambda105",
                        "aws_kms_key.a"
                    ],
                    "primary": {
                        "id": "0d60ed17-01c2-4321-9992-96207b6b82a5:bbdc7fef8269dc18e156defa029c124762a10df38d446ecf1b56cdf53bc73b11",
                        "attributes": {
                            "grant_id": "bbdc7fef8269dc18e156defa029c124762a10df38d446ecf1b56cdf53bc73b11",
                            "grant_token": "AQpAZTZmYjE0NTAzZTA4MzE1ZmY0NGJjYWE2MTM0M2RjY2ZhNjAyYjc1OGRkZGQ0MjhhMTdmZWQyMTdkNjBiODQyNyKUAgEBAgB45vsUUD4IMV_0S8qmE0Pcz6YCt1jd3UKKF_7SF9YLhCcAAADrMIHoBgkqhkiG9w0BBwaggdowgdcCAQAwgdEGCSqGSIb3DQEHATAeBglghkgBZQMEAS4wEQQM8W7rgbTxbTMLQNPgAgEQgIGjj4hEZM3bkEUDIEVUGnIWsJJX6rIVS_tPg_7eEUV1Nl-aA5jJUbvjWtl28xl_NSs6yJIT1cZxOFsnPaSLsL_7PIrFygp6_AHDfkEEnb2GVY6PjOM3Qx0L2eRh7WGZDhbnWOBg7awwe34DnFJ-2nVqM5-_LmQ8p1ZXonUreHDsxe2Z6uALM2I6LMHoCYxaeJDvbeSmhvLbQAKJ4v83KtZbm8NEyCogu9x_74Jp3BjhVt76ApwSR2KhDfONRG7PG1bN9TvHOxE",
                            "grantee_principal": "arn:aws:iam::037794263736:role/iam_for_lambda",
                            "id": "0d60ed17-01c2-4321-9992-96207b6b82a5:bbdc7fef8269dc18e156defa029c124762a10df38d446ecf1b56cdf53bc73b11",
                            "key_id": "0d60ed17-01c2-4321-9992-96207b6b82a5",
                            "name": "my-grant",
                            "operations.#": "2",
                            "operations.1237510779": "Decrypt",
                            "operations.2238845196": "Encrypt",
                            "retire_on_delete": "false"
                        },
                        "meta": {},
                        "tainted": false
                    },
                    "deposed": [],
                    "provider": "provider.aws"
                },
                "aws_kms_key.a": {
                    "type": "aws_kms_key",
                    "depends_on": [],
                    "primary": {
                        "id": "0d60ed17-01c2-4321-9992-96207b6b82a5",
                        "attributes": {
                            "arn": "arn:aws:kms:us-east-1:037794263736:key/0d60ed17-01c2-4321-9992-96207b6b82a5",
                            "description": "Used for encrypting SSH keys on S3",
                            "enable_key_rotation": "false",
                            "id": "0d60ed17-01c2-4321-9992-96207b6b82a5",
                            "is_enabled": "true",
                            "key_id": "0d60ed17-01c2-4321-9992-96207b6b82a5",
                            "key_usage": "ENCRYPT_DECRYPT",
                            "policy": "{\"Id\":\"key-default-1\",\"Statement\":[{\"Action\":\"kms:*\",\"Effect\":\"Allow\",\"Principal\":{\"AWS\":\"arn:aws:iam::037794263736:root\"},\"Resource\":\"*\",\"Sid\":\"Enable IAM User Permissions\"}],\"Version\":\"2012-10-17\"}",
                            "tags.%": "0"
                        },
                        "meta": {},
                        "tainted": false
                    },
                    "deposed": [],
                    "provider": "provider.aws"
                },
                "aws_lambda_function.lambda_code105": {
                    "type": "aws_lambda_function",
                    "depends_on": [
                        "aws_iam_role.iam_for_lambda105",
                        "data.archive_file.zip"
                    ],
                    "primary": {
                        "id": "NotifyAutoscalingGroupLaunched",
                        "attributes": {
                            "arn": "arn:aws:lambda:us-east-1:037794263736:function:NotifyAutoscalingGroupLaunched",
                            "dead_letter_config.#": "0",
                            "description": "",
                            "environment.#": "0",
                            "filename": "UpgradeLambda.zip",
                            "function_name": "NotifyAutoscalingGroupLaunched",
                            "handler": "UpgradeLambda",
                            "id": "NotifyAutoscalingGroupLaunched",
                            "invoke_arn": "arn:aws:apigateway:us-east-1:lambda:path/2015-03-31/functions/arn:aws:lambda:us-east-1:037794263736:function:NotifyAutoscalingGroupLaunched/invocations",
                            "kms_key_arn": "",
                            "last_modified": "2018-09-26T05:36:54.421+0000",
                            "memory_size": "128",
                            "publish": "false",
                            "qualified_arn": "arn:aws:lambda:us-east-1:037794263736:function:NotifyAutoscalingGroupLaunched:$LATEST",
                            "reserved_concurrent_executions": "0",
                            "role": "arn:aws:iam::037794263736:role/iam_for_lambda",
                            "runtime": "go1.x",
                            "source_code_hash": "QSfmJ5++I13xrwN/mE8JHHJAjiyYrXC2QFrYYaphpBY=",
                            "source_code_size": "8628474",
                            "tags.%": "0",
                            "timeout": "300",
                            "tracing_config.#": "1",
                            "tracing_config.0.mode": "PassThrough",
                            "version": "$LATEST",
                            "vpc_config.#": "0"
                        },
                        "meta": {},
                        "tainted": false
                    },
                    "deposed": [],
                    "provider": "provider.aws"
                },
                "aws_lambda_permission.with_sns105-01": {
                    "type": "aws_lambda_permission",
                    "depends_on": [
                        "aws_lambda_function.lambda_code105",
                        "aws_sns_topic.topic105"
                    ],
                    "primary": {
                        "id": "AllowExecutionFromSNS105",
                        "attributes": {
                            "action": "lambda:InvokeFunction",
                            "function_name": "arn:aws:lambda:us-east-1:037794263736:function:NotifyAutoscalingGroupLaunched",
                            "id": "AllowExecutionFromSNS105",
                            "principal": "sns.amazonaws.com",
                            "qualifier": "",
                            "source_arn": "arn:aws:sns:us-east-1:037794263736:topic105",
                            "statement_id": "AllowExecutionFromSNS105"
                        },
                        "meta": {},
                        "tainted": false
                    },
                    "deposed": [],
                    "provider": "provider.aws"
                },
                "aws_lambda_permission.with_sns105-02": {
                    "type": "aws_lambda_permission",
                    "depends_on": [
                        "aws_lambda_function.lambda_code105",
                        "aws_sns_topic.topic105"
                    ],
                    "primary": {
                        "id": "AllowExecutionFromAutoscaling105",
                        "attributes": {
                            "action": "lambda:InvokeFunction",
                            "function_name": "arn:aws:lambda:us-east-1:037794263736:function:NotifyAutoscalingGroupLaunched",
                            "id": "AllowExecutionFromAutoscaling105",
                            "principal": "autoscaling.amazonaws.com",
                            "qualifier": "",
                            "source_arn": "arn:aws:sns:us-east-1:037794263736:topic105",
                            "statement_id": "AllowExecutionFromAutoscaling105"
                        },
                        "meta": {},
                        "tainted": false
                    },
                    "deposed": [],
                    "provider": "provider.aws"
                },
                "aws_lambda_permission.with_sns105-03": {
                    "type": "aws_lambda_permission",
                    "depends_on": [
                        "aws_lambda_function.lambda_code105",
                        "aws_sns_topic.topic105"
                    ],
                    "primary": {
                        "id": "AllowExecutionFromAutoscalingGroup105-01",
                        "attributes": {
                            "action": "lambda:InvokeFunction",
                            "function_name": "arn:aws:lambda:us-east-1:037794263736:function:NotifyAutoscalingGroupLaunched",
                            "id": "AllowExecutionFromAutoscalingGroup105-01",
                            "principal": "events.amazonaws.com",
                            "qualifier": "",
                            "source_arn": "arn:aws:sns:us-east-1:037794263736:topic105",
                            "statement_id": "AllowExecutionFromAutoscalingGroup105-01"
                        },
                        "meta": {},
                        "tainted": false
                    },
                    "deposed": [],
                    "provider": "provider.aws"
                },
                "aws_launch_template.eximchain105": {
                    "type": "aws_launch_template",
                    "depends_on": [
                        "aws_key_pair.public_key105"
                    ],
                    "primary": {
                        "id": "lt-025c3106f9e344802",
                        "attributes": {
                            "arn": "arn:aws:ec2:us-east-1:037794263736:launch-template/lt-025c3106f9e344802",
                            "block_device_mappings.#": "0",
                            "credit_specification.#": "0",
                            "default_version": "1",
                            "disable_api_termination": "false",
                            "ebs_optimized": "",
                            "elastic_gpu_specifications.#": "0",
                            "iam_instance_profile.#": "0",
                            "id": "lt-025c3106f9e344802",
                            "image_id": "ami-4be75934",
                            "instance_initiated_shutdown_behavior": "",
                            "instance_market_options.#": "0",
                            "instance_type": "t2.micro",
                            "kernel_id": "",
                            "key_name": "public_key105",
                            "latest_version": "1",
                            "monitoring.#": "0",
                            "name": "eximchain105-20180926053608843200000008",
                            "name_prefix": "eximchain105-",
                            "network_interfaces.#": "0",
                            "placement.#": "0",
                            "ram_disk_id": "",
                            "security_group_names.#": "0",
                            "tag_specifications.#": "0",
                            "tags.%": "0",
                            "user_data": "",
                            "vpc_security_group_ids.#": "0"
                        },
                        "meta": {},
                        "tainted": false
                    },
                    "deposed": [],
                    "provider": "provider.aws"
                },
                "aws_s3_bucket.b": {
                    "type": "aws_s3_bucket",
                    "depends_on": [],
                    "primary": {
                        "id": "eximchain105-20180926053603233200000002",
                        "attributes": {
                            "acceleration_status": "",
                            "acl": "private",
                            "arn": "arn:aws:s3:::eximchain105-20180926053603233200000002",
                            "bucket": "eximchain105-20180926053603233200000002",
                            "bucket_domain_name": "eximchain105-20180926053603233200000002.s3.amazonaws.com",
                            "bucket_prefix": "eximchain105-",
                            "bucket_regional_domain_name": "eximchain105-20180926053603233200000002.s3.amazonaws.com",
                            "cors_rule.#": "0",
                            "force_destroy": "true",
                            "hosted_zone_id": "Z3AQBSTGFYJSTF",
                            "id": "eximchain105-20180926053603233200000002",
                            "logging.#": "0",
                            "region": "us-east-1",
                            "replication_configuration.#": "0",
                            "request_payer": "BucketOwner",
                            "server_side_encryption_configuration.#": "0",
                            "tags.%": "0",
                            "versioning.#": "1",
                            "versioning.0.enabled": "false",
                            "versioning.0.mfa_delete": "false",
                            "website.#": "0"
                        },
                        "meta": {},
                        "tainted": false
                    },
                    "deposed": [],
                    "provider": "provider.aws"
                },
                "aws_s3_bucket.notify_bucket": {
                    "type": "aws_s3_bucket",
                    "depends_on": [],
                    "primary": {
                        "id": "eximchainnotify-20180926053603233200000001",
                        "attributes": {
                            "acceleration_status": "",
                            "acl": "public-read-write",
                            "arn": "arn:aws:s3:::eximchainnotify-20180926053603233200000001",
                            "bucket": "eximchainnotify-20180926053603233200000001",
                            "bucket_domain_name": "eximchainnotify-20180926053603233200000001.s3.amazonaws.com",
                            "bucket_prefix": "eximchainnotify-",
                            "bucket_regional_domain_name": "eximchainnotify-20180926053603233200000001.s3.amazonaws.com",
                            "cors_rule.#": "0",
                            "force_destroy": "true",
                            "hosted_zone_id": "Z3AQBSTGFYJSTF",
                            "id": "eximchainnotify-20180926053603233200000001",
                            "logging.#": "0",
                            "region": "us-east-1",
                            "replication_configuration.#": "0",
                            "request_payer": "BucketOwner",
                            "server_side_encryption_configuration.#": "0",
                            "tags.%": "0",
                            "versioning.#": "1",
                            "versioning.0.enabled": "false",
                            "versioning.0.mfa_delete": "false",
                            "website.#": "0"
                        },
                        "meta": {},
                        "tainted": false
                    },
                    "deposed": [],
                    "provider": "provider.aws"
                },
                "aws_s3_bucket_object.ssh_key": {
                    "type": "aws_s3_bucket_object",
                    "depends_on": [
                        "aws_kms_key.a",
                        "aws_s3_bucket.b"
                    ],
                    "primary": {
                        "id": "enc-ssh",
                        "attributes": {
                            "acl": "private",
                            "bucket": "eximchain105-20180926053603233200000002",
                            "cache_control": "",
                            "content_disposition": "",
                            "content_encoding": "",
                            "content_language": "",
                            "content_type": "binary/octet-stream",
                            "etag": "2326e75b4172affd23e324ba2a7ea50d",
                            "id": "enc-ssh",
                            "key": "enc-ssh",
                            "server_side_encryption": "",
                            "source": "~/enc-ssh",
                            "storage_class": "STANDARD",
                            "tags.%": "0",
                            "version_id": "",
                            "website_redirect": ""
                        },
                        "meta": {},
                        "tainted": false
                    },
                    "deposed": [],
                    "provider": "provider.aws"
                },
                "aws_s3_bucket_object.upgradesh": {
                    "type": "aws_s3_bucket_object",
                    "depends_on": [
                        "aws_s3_bucket.b"
                    ],
                    "primary": {
                        "id": "upgrade.sh",
                        "attributes": {
                            "acl": "private",
                            "bucket": "eximchain105-20180926053603233200000002",
                            "cache_control": "",
                            "content_disposition": "",
                            "content_encoding": "",
                            "content_language": "",
                            "content_type": "binary/octet-stream",
                            "etag": "469245e693b27073955df18707b0a9b1",
                            "id": "upgrade.sh",
                            "key": "upgrade.sh",
                            "server_side_encryption": "",
                            "source": "./upgrade.sh",
                            "storage_class": "STANDARD",
                            "tags.%": "0",
                            "version_id": "",
                            "website_redirect": ""
                        },
                        "meta": {},
                        "tainted": false
                    },
                    "deposed": [],
                    "provider": "provider.aws"
                },
                "aws_s3_bucket_object.upgradezip": {
                    "type": "aws_s3_bucket_object",
                    "depends_on": [
                        "aws_s3_bucket.b"
                    ],
                    "primary": {
                        "id": "upgrade.zip",
                        "attributes": {
                            "acl": "private",
                            "bucket": "eximchain105-20180926053603233200000002",
                            "cache_control": "",
                            "content_disposition": "",
                            "content_encoding": "",
                            "content_language": "",
                            "content_type": "binary/octet-stream",
                            "etag": "3a0d6cd6a5e2c8ca184ede8e0fc7033f",
                            "id": "upgrade.zip",
                            "key": "upgrade.zip",
                            "server_side_encryption": "",
                            "source": "upgrade.zip",
                            "storage_class": "STANDARD",
                            "tags.%": "0",
                            "version_id": "",
                            "website_redirect": ""
                        },
                        "meta": {},
                        "tainted": false
                    },
                    "deposed": [],
                    "provider": "provider.aws"
                },
                "aws_s3_bucket_policy.b": {
                    "type": "aws_s3_bucket_policy",
                    "depends_on": [
                        "aws_s3_bucket.b"
                    ],
                    "primary": {
                        "id": "eximchain105-20180926053603233200000002",
                        "attributes": {
                            "bucket": "eximchain105-20180926053603233200000002",
                            "id": "eximchain105-20180926053603233200000002",
                            "policy": "{\n  \"Version\": \"2012-10-17\",\n  \"Id\": \"AllowLambdaAccessS3\",\n  \"Statement\": [\n    {\n      \"Action\": [\n        \"s3:*\"\n      ],\n      \"Principal\": {\n        \"Service\": \"lambda.amazonaws.com\",\n        \"Service\": \"autoscaling.amazonaws.com\",\n        \"Service\": \"events.amazonaws.com\"\n      },\n      \"Resource\": \"arn:aws:s3:::eximchain105-20180926053603233200000002/*\",\n      \"Effect\": \"Allow\"\n    },\n    {\n      \"Action\": [\n        \"s3:*\"\n      ],\n      \"Principal\": {\n        \"Service\": \"lambda.amazonaws.com\",\n        \"Service\": \"autoscaling.amazonaws.com\",\n        \"Service\": \"events.amazonaws.com\"\n      },\n      \"Resource\": \"arn:aws:s3:::eximchain105-20180926053603233200000002\",\n      \"Effect\": \"Allow\"\n    }\n  ]\n}\n"
                        },
                        "meta": {},
                        "tainted": false
                    },
                    "deposed": [],
                    "provider": "provider.aws"
                },
                "aws_sns_topic.download_completed": {
                    "type": "aws_sns_topic",
                    "depends_on": [
                        "aws_s3_bucket.notify_bucket"
                    ],
                    "primary": {
                        "id": "arn:aws:sns:us-east-1:037794263736:s3-event-notify-download-completed",
                        "attributes": {
                            "application_failure_feedback_role_arn": "",
                            "application_success_feedback_role_arn": "",
                            "application_success_feedback_sample_rate": "0",
                            "arn": "arn:aws:sns:us-east-1:037794263736:s3-event-notify-download-completed",
                            "delivery_policy": "",
                            "display_name": "",
                            "http_failure_feedback_role_arn": "",
                            "http_success_feedback_role_arn": "",
                            "http_success_feedback_sample_rate": "0",
                            "id": "arn:aws:sns:us-east-1:037794263736:s3-event-notify-download-completed",
                            "lambda_failure_feedback_role_arn": "",
                            "lambda_success_feedback_role_arn": "",
                            "lambda_success_feedback_sample_rate": "0",
                            "name": "s3-event-notify-download-completed",
                            "policy": "{\"Version\":\"2012-10-17\",\"Statement\":[{\"Effect\":\"Allow\",\"Principal\":{\"AWS\":\"*\"},\"Action\":\"SNS:Publish\",\"Resource\":\"arn:aws:sns:*:*:s3-event-notification-topic\",\"Condition\":{\"ArnLike\":{\"aws:SourceArn\":\"arn:aws:s3:::eximchainnotify-20180926053603233200000001\"}}}]}",
                            "sqs_failure_feedback_role_arn": "",
                            "sqs_success_feedback_role_arn": "",
                            "sqs_success_feedback_sample_rate": "0"
                        },
                        "meta": {},
                        "tainted": false
                    },
                    "deposed": [],
                    "provider": "provider.aws"
                },
                "aws_sns_topic.topic105": {
                    "type": "aws_sns_topic",
                    "depends_on": [],
                    "primary": {
                        "id": "arn:aws:sns:us-east-1:037794263736:topic105",
                        "attributes": {
                            "application_failure_feedback_role_arn": "",
                            "application_success_feedback_role_arn": "",
                            "application_success_feedback_sample_rate": "0",
                            "arn": "arn:aws:sns:us-east-1:037794263736:topic105",
                            "delivery_policy": "",
                            "display_name": "",
                            "http_failure_feedback_role_arn": "",
                            "http_success_feedback_role_arn": "",
                            "http_success_feedback_sample_rate": "0",
                            "id": "arn:aws:sns:us-east-1:037794263736:topic105",
                            "lambda_failure_feedback_role_arn": "",
                            "lambda_success_feedback_role_arn": "",
                            "lambda_success_feedback_sample_rate": "0",
                            "name": "topic105",
                            "policy": "{\"Version\":\"2008-10-17\",\"Id\":\"__default_policy_ID\",\"Statement\":[{\"Sid\":\"__default_statement_ID\",\"Effect\":\"Allow\",\"Principal\":{\"AWS\":\"*\"},\"Action\":[\"SNS:GetTopicAttributes\",\"SNS:SetTopicAttributes\",\"SNS:AddPermission\",\"SNS:RemovePermission\",\"SNS:DeleteTopic\",\"SNS:Subscribe\",\"SNS:ListSubscriptionsByTopic\",\"SNS:Publish\",\"SNS:Receive\"],\"Resource\":\"arn:aws:sns:us-east-1:037794263736:topic105\",\"Condition\":{\"StringEquals\":{\"AWS:SourceOwner\":\"037794263736\"}}}]}",
                            "sqs_failure_feedback_role_arn": "",
                            "sqs_success_feedback_role_arn": "",
                            "sqs_success_feedback_sample_rate": "0"
                        },
                        "meta": {},
                        "tainted": false
                    },
                    "deposed": [],
                    "provider": "provider.aws"
                },
                "aws_sns_topic_subscription.lambda105": {
                    "type": "aws_sns_topic_subscription",
                    "depends_on": [
                        "aws_lambda_function.lambda_code105",
                        "aws_sns_topic.topic105"
                    ],
                    "primary": {
                        "id": "arn:aws:sns:us-east-1:037794263736:topic105:513eac99-9453-49cd-9850-ab9c32314b76",
                        "attributes": {
                            "arn": "arn:aws:sns:us-east-1:037794263736:topic105:513eac99-9453-49cd-9850-ab9c32314b76",
                            "confirmation_timeout_in_minutes": "1",
                            "endpoint": "arn:aws:lambda:us-east-1:037794263736:function:NotifyAutoscalingGroupLaunched",
                            "endpoint_auto_confirms": "false",
                            "id": "arn:aws:sns:us-east-1:037794263736:topic105:513eac99-9453-49cd-9850-ab9c32314b76",
                            "protocol": "lambda",
                            "raw_message_delivery": "false",
                            "topic_arn": "arn:aws:sns:us-east-1:037794263736:topic105"
                        },
                        "meta": {},
                        "tainted": false
                    },
                    "deposed": [],
                    "provider": "provider.aws"
                },
                "aws_vpc.notify-vpc": {
                    "type": "aws_vpc",
                    "depends_on": [],
                    "primary": {
                        "id": "vpc-0dacfc5ca1ca542b1",
                        "attributes": {
                            "arn": "arn:aws:ec2:us-east-1:037794263736:vpc/vpc-0dacfc5ca1ca542b1",
                            "assign_generated_ipv6_cidr_block": "false",
                            "cidr_block": "10.0.0.0/16",
                            "default_network_acl_id": "acl-033b27f6ffe4e2a8c",
                            "default_route_table_id": "rtb-028637e1528783218",
                            "default_security_group_id": "sg-09149f59f58f824d1",
                            "dhcp_options_id": "dopt-d14a3fa8",
                            "enable_classiclink": "false",
                            "enable_classiclink_dns_support": "false",
                            "enable_dns_hostnames": "false",
                            "enable_dns_support": "true",
                            "id": "vpc-0dacfc5ca1ca542b1",
                            "instance_tenancy": "default",
                            "main_route_table_id": "rtb-028637e1528783218",
                            "tags.%": "1",
                            "tags.Name": "notify-vpc"
                        },
                        "meta": {
                            "schema_version": "1"
                        },
                        "tainted": false
                    },
                    "deposed": [],
                    "provider": "provider.aws"
                },
                "data.archive_file.zip": {
                    "type": "archive_file",
                    "depends_on": [
                        "null_resource.build"
                    ],
                    "primary": {
                        "id": "811f7a2ac18991001556cf30e7216ef579ef35ec",
                        "attributes": {
                            "id": "811f7a2ac18991001556cf30e7216ef579ef35ec",
                            "output_base64sha256": "QSfmJ5++I13xrwN/mE8JHHJAjiyYrXC2QFrYYaphpBY=",
                            "output_md5": "81d21fcae9ff981d99661b1ed51fce3d",
                            "output_path": "UpgradeLambda.zip",
                            "output_sha": "811f7a2ac18991001556cf30e7216ef579ef35ec",
                            "output_size": "8628474",
                            "source.#": "0",
                            "source_file": "./UpgradeLambda",
                            "type": "zip"
                        },
                        "meta": {},
                        "tainted": false
                    },
                    "deposed": [],
                    "provider": "provider.archive"
                },
                "null_resource.build": {
                    "type": "null_resource",
                    "depends_on": [],
                    "primary": {
                        "id": "2759507384250069185",
                        "attributes": {
                            "id": "2759507384250069185"
                        },
                        "meta": {},
                        "tainted": false
                    },
                    "deposed": [],
                    "provider": "provider.null"
                }
            },
            "depends_on": []
        }
    ]
}
